
Microsoft Visual Studio Solution File, Format Version 12.00
# Visual Studio 15
Project("{8BC9CEB8-8B4A-11D0-8D11-00A0C91BC942}") = "ALL_BUILD", "ALL_BUILD.vcxproj", "{F49342C9-5BB2-39EE-B2FC-00C30450A8C3}"
	ProjectSection(ProjectDependencies) = postProject
		{FCB116FA-6ED3-3202-8D38-41CA25732269} = {FCB116FA-6ED3-3202-8D38-41CA25732269}
		{2764CD9C-D0EC-3737-AC4A-21918F6A1E3D} = {2764CD9C-D0EC-3737-AC4A-21918F6A1E3D}
		{919E4E9F-E202-31AD-97AC-91FC22F05A74} = {919E4E9F-E202-31AD-97AC-91FC22F05A74}
		{FD734C92-5C3F-3966-9819-7100291BBEA0} = {FD734C92-5C3F-3966-9819-7100291BBEA0}
		{C3AD3F5F-53D7-3831-9AB2-B43CC07B482A} = {C3AD3F5F-53D7-3831-9AB2-B43CC07B482A}
		{39C69FC8-D0BC-3E6C-9288-8083C47D332E} = {39C69FC8-D0BC-3E6C-9288-8083C47D332E}
		{34952016-0B6A-3F75-BEB8-EC0AD61A3161} = {34952016-0B6A-3F75-BEB8-EC0AD61A3161}
		{5BA67631-7A1D-37EA-8540-CAC55EE6D27E} = {5BA67631-7A1D-37EA-8540-CAC55EE6D27E}
		{F7801529-38E3-34B4-BCE9-761B92BB6E5B} = {F7801529-38E3-34B4-BCE9-761B92BB6E5B}
		{609E7100-8337-3230-860E-9F9616AE729F} = {609E7100-8337-3230-860E-9F9616AE729F}
		{FF1EC25C-DDAE-3F0A-8CDD-98E2A545DDBB} = {FF1EC25C-DDAE-3F0A-8CDD-98E2A545DDBB}
		{5DC1D365-0CCD-3B61-9C9E-939A5244050E} = {5DC1D365-0CCD-3B61-9C9E-939A5244050E}
		{34957BB7-8CA1-30EA-B3C0-D9921E5F9138} = {34957BB7-8CA1-30EA-B3C0-D9921E5F9138}
		{319E7AE5-53C0-3A84-81A7-7776E776CF84} = {319E7AE5-53C0-3A84-81A7-7776E776CF84}
		{0752608F-AA2E-3E41-BBC3-3AF6F53FAA22} = {0752608F-AA2E-3E41-BBC3-3AF6F53FAA22}
		{DBBE3319-F8E7-3715-86CC-7F12C87EC077} = {DBBE3319-F8E7-3715-86CC-7F12C87EC077}
		{1D23F16E-828B-31DC-A01F-3C9332EBCE9D} = {1D23F16E-828B-31DC-A01F-3C9332EBCE9D}
		{9047046C-314E-318B-836A-88880EF60C97} = {9047046C-314E-318B-836A-88880EF60C97}
		{1DA5FD8B-AA47-3C17-B494-395375FB46A4} = {1DA5FD8B-AA47-3C17-B494-395375FB46A4}
		{D3A630AD-8BC4-36B5-9594-AE01415C1FB8} = {D3A630AD-8BC4-36B5-9594-AE01415C1FB8}
		{7EB0A1EB-1C5E-3C7C-98A8-906981ECE790} = {7EB0A1EB-1C5E-3C7C-98A8-906981ECE790}
		{1FB5E0C7-24EC-3B11-9EE4-D7A9CAFC4DFE} = {1FB5E0C7-24EC-3B11-9EE4-D7A9CAFC4DFE}
		{8686C42C-0729-3A4B-B0B7-EE084EC07DBA} = {8686C42C-0729-3A4B-B0B7-EE084EC07DBA}
		{3265EC34-A7A2-3865-BBD4-EA680783BA41} = {3265EC34-A7A2-3865-BBD4-EA680783BA41}
		{90EA2A77-F40C-3627-895C-72E37DB9AEE6} = {90EA2A77-F40C-3627-895C-72E37DB9AEE6}
		{4ED07BF9-D550-3A62-B224-B2AAA52141BF} = {4ED07BF9-D550-3A62-B224-B2AAA52141BF}
		{95D3A473-3FC3-345D-B8AC-966BADB67181} = {95D3A473-3FC3-345D-B8AC-966BADB67181}
	EndProjectSection
EndProject
Project("{8BC9CEB8-8B4A-11D0-8D11-00A0C91BC942}") = "CallbackMaker", "CallbackMaker.vcxproj", "{FCB116FA-6ED3-3202-8D38-41CA25732269}"
	ProjectSection(ProjectDependencies) = postProject
		{34957BB7-8CA1-30EA-B3C0-D9921E5F9138} = {34957BB7-8CA1-30EA-B3C0-D9921E5F9138}
		{319E7AE5-53C0-3A84-81A7-7776E776CF84} = {319E7AE5-53C0-3A84-81A7-7776E776CF84}
	EndProjectSection
EndProject
Project("{8BC9CEB8-8B4A-11D0-8D11-00A0C91BC942}") = "CallbackMaker_static", "CallbackMaker_static.vcxproj", "{2764CD9C-D0EC-3737-AC4A-21918F6A1E3D}"
	ProjectSection(ProjectDependencies) = postProject
		{34957BB7-8CA1-30EA-B3C0-D9921E5F9138} = {34957BB7-8CA1-30EA-B3C0-D9921E5F9138}
		{0752608F-AA2E-3E41-BBC3-3AF6F53FAA22} = {0752608F-AA2E-3E41-BBC3-3AF6F53FAA22}
	EndProjectSection
EndProject
Project("{8BC9CEB8-8B4A-11D0-8D11-00A0C91BC942}") = "Fractals", "Fractals.vcxproj", "{919E4E9F-E202-31AD-97AC-91FC22F05A74}"
	ProjectSection(ProjectDependencies) = postProject
		{34957BB7-8CA1-30EA-B3C0-D9921E5F9138} = {34957BB7-8CA1-30EA-B3C0-D9921E5F9138}
		{319E7AE5-53C0-3A84-81A7-7776E776CF84} = {319E7AE5-53C0-3A84-81A7-7776E776CF84}
	EndProjectSection
EndProject
Project("{8BC9CEB8-8B4A-11D0-8D11-00A0C91BC942}") = "Fractals_random", "Fractals_random.vcxproj", "{FD734C92-5C3F-3966-9819-7100291BBEA0}"
	ProjectSection(ProjectDependencies) = postProject
		{34957BB7-8CA1-30EA-B3C0-D9921E5F9138} = {34957BB7-8CA1-30EA-B3C0-D9921E5F9138}
		{319E7AE5-53C0-3A84-81A7-7776E776CF84} = {319E7AE5-53C0-3A84-81A7-7776E776CF84}
	EndProjectSection
EndProject
Project("{8BC9CEB8-8B4A-11D0-8D11-00A0C91BC942}") = "Fractals_random_static", "Fractals_random_static.vcxproj", "{C3AD3F5F-53D7-3831-9AB2-B43CC07B482A}"
	ProjectSection(ProjectDependencies) = postProject
		{34957BB7-8CA1-30EA-B3C0-D9921E5F9138} = {34957BB7-8CA1-30EA-B3C0-D9921E5F9138}
		{0752608F-AA2E-3E41-BBC3-3AF6F53FAA22} = {0752608F-AA2E-3E41-BBC3-3AF6F53FAA22}
	EndProjectSection
EndProject
Project("{8BC9CEB8-8B4A-11D0-8D11-00A0C91BC942}") = "Fractals_static", "Fractals_static.vcxproj", "{39C69FC8-D0BC-3E6C-9288-8083C47D332E}"
	ProjectSection(ProjectDependencies) = postProject
		{34957BB7-8CA1-30EA-B3C0-D9921E5F9138} = {34957BB7-8CA1-30EA-B3C0-D9921E5F9138}
		{0752608F-AA2E-3E41-BBC3-3AF6F53FAA22} = {0752608F-AA2E-3E41-BBC3-3AF6F53FAA22}
	EndProjectSection
EndProject
Project("{8BC9CEB8-8B4A-11D0-8D11-00A0C91BC942}") = "INSTALL", "INSTALL.vcxproj", "{6014F8BE-FF1C-3A50-BCDE-304ACF42EFAF}"
	ProjectSection(ProjectDependencies) = postProject
		{F49342C9-5BB2-39EE-B2FC-00C30450A8C3} = {F49342C9-5BB2-39EE-B2FC-00C30450A8C3}
		{34957BB7-8CA1-30EA-B3C0-D9921E5F9138} = {34957BB7-8CA1-30EA-B3C0-D9921E5F9138}
	EndProjectSection
EndProject
Project("{8BC9CEB8-8B4A-11D0-8D11-00A0C91BC942}") = "Lorenz", "Lorenz.vcxproj", "{34952016-0B6A-3F75-BEB8-EC0AD61A3161}"
	ProjectSection(ProjectDependencies) = postProject
		{34957BB7-8CA1-30EA-B3C0-D9921E5F9138} = {34957BB7-8CA1-30EA-B3C0-D9921E5F9138}
		{319E7AE5-53C0-3A84-81A7-7776E776CF84} = {319E7AE5-53C0-3A84-81A7-7776E776CF84}
	EndProjectSection
EndProject
Project("{8BC9CEB8-8B4A-11D0-8D11-00A0C91BC942}") = "Lorenz_static", "Lorenz_static.vcxproj", "{5BA67631-7A1D-37EA-8540-CAC55EE6D27E}"
	ProjectSection(ProjectDependencies) = postProject
		{34957BB7-8CA1-30EA-B3C0-D9921E5F9138} = {34957BB7-8CA1-30EA-B3C0-D9921E5F9138}
		{0752608F-AA2E-3E41-BBC3-3AF6F53FAA22} = {0752608F-AA2E-3E41-BBC3-3AF6F53FAA22}
	EndProjectSection
EndProject
Project("{8BC9CEB8-8B4A-11D0-8D11-00A0C91BC942}") = "One", "One.vcxproj", "{F7801529-38E3-34B4-BCE9-761B92BB6E5B}"
	ProjectSection(ProjectDependencies) = postProject
		{34957BB7-8CA1-30EA-B3C0-D9921E5F9138} = {34957BB7-8CA1-30EA-B3C0-D9921E5F9138}
		{319E7AE5-53C0-3A84-81A7-7776E776CF84} = {319E7AE5-53C0-3A84-81A7-7776E776CF84}
	EndProjectSection
EndProject
Project("{8BC9CEB8-8B4A-11D0-8D11-00A0C91BC942}") = "One_static", "One_static.vcxproj", "{609E7100-8337-3230-860E-9F9616AE729F}"
	ProjectSection(ProjectDependencies) = postProject
		{34957BB7-8CA1-30EA-B3C0-D9921E5F9138} = {34957BB7-8CA1-30EA-B3C0-D9921E5F9138}
		{0752608F-AA2E-3E41-BBC3-3AF6F53FAA22} = {0752608F-AA2E-3E41-BBC3-3AF6F53FAA22}
	EndProjectSection
EndProject
Project("{8BC9CEB8-8B4A-11D0-8D11-00A0C91BC942}") = "Resizer", "Resizer.vcxproj", "{FF1EC25C-DDAE-3F0A-8CDD-98E2A545DDBB}"
	ProjectSection(ProjectDependencies) = postProject
		{34957BB7-8CA1-30EA-B3C0-D9921E5F9138} = {34957BB7-8CA1-30EA-B3C0-D9921E5F9138}
		{319E7AE5-53C0-3A84-81A7-7776E776CF84} = {319E7AE5-53C0-3A84-81A7-7776E776CF84}
	EndProjectSection
EndProject
Project("{8BC9CEB8-8B4A-11D0-8D11-00A0C91BC942}") = "Resizer_static", "Resizer_static.vcxproj", "{5DC1D365-0CCD-3B61-9C9E-939A5244050E}"
	ProjectSection(ProjectDependencies) = postProject
		{34957BB7-8CA1-30EA-B3C0-D9921E5F9138} = {34957BB7-8CA1-30EA-B3C0-D9921E5F9138}
		{0752608F-AA2E-3E41-BBC3-3AF6F53FAA22} = {0752608F-AA2E-3E41-BBC3-3AF6F53FAA22}
	EndProjectSection
EndProject
Project("{8BC9CEB8-8B4A-11D0-8D11-00A0C91BC942}") = "ZERO_CHECK", "ZERO_CHECK.vcxproj", "{34957BB7-8CA1-30EA-B3C0-D9921E5F9138}"
	ProjectSection(ProjectDependencies) = postProject
	EndProjectSection
EndProject
Project("{8BC9CEB8-8B4A-11D0-8D11-00A0C91BC942}") = "freeglut", "freeglut.vcxproj", "{319E7AE5-53C0-3A84-81A7-7776E776CF84}"
	ProjectSection(ProjectDependencies) = postProject
		{34957BB7-8CA1-30EA-B3C0-D9921E5F9138} = {34957BB7-8CA1-30EA-B3C0-D9921E5F9138}
	EndProjectSection
EndProject
Project("{8BC9CEB8-8B4A-11D0-8D11-00A0C91BC942}") = "freeglut_static", "freeglut_static.vcxproj", "{0752608F-AA2E-3E41-BBC3-3AF6F53FAA22}"
	ProjectSection(ProjectDependencies) = postProject
		{34957BB7-8CA1-30EA-B3C0-D9921E5F9138} = {34957BB7-8CA1-30EA-B3C0-D9921E5F9138}
	EndProjectSection
EndProject
Project("{8BC9CEB8-8B4A-11D0-8D11-00A0C91BC942}") = "multi-touch", "multi-touch.vcxproj", "{DBBE3319-F8E7-3715-86CC-7F12C87EC077}"
	ProjectSection(ProjectDependencies) = postProject
		{34957BB7-8CA1-30EA-B3C0-D9921E5F9138} = {34957BB7-8CA1-30EA-B3C0-D9921E5F9138}
		{319E7AE5-53C0-3A84-81A7-7776E776CF84} = {319E7AE5-53C0-3A84-81A7-7776E776CF84}
	EndProjectSection
EndProject
Project("{8BC9CEB8-8B4A-11D0-8D11-00A0C91BC942}") = "multi-touch_static", "multi-touch_static.vcxproj", "{1D23F16E-828B-31DC-A01F-3C9332EBCE9D}"
	ProjectSection(ProjectDependencies) = postProject
		{34957BB7-8CA1-30EA-B3C0-D9921E5F9138} = {34957BB7-8CA1-30EA-B3C0-D9921E5F9138}
		{0752608F-AA2E-3E41-BBC3-3AF6F53FAA22} = {0752608F-AA2E-3E41-BBC3-3AF6F53FAA22}
	EndProjectSection
EndProject
Project("{8BC9CEB8-8B4A-11D0-8D11-00A0C91BC942}") = "shapes", "shapes.vcxproj", "{9047046C-314E-318B-836A-88880EF60C97}"
	ProjectSection(ProjectDependencies) = postProject
		{34957BB7-8CA1-30EA-B3C0-D9921E5F9138} = {34957BB7-8CA1-30EA-B3C0-D9921E5F9138}
		{319E7AE5-53C0-3A84-81A7-7776E776CF84} = {319E7AE5-53C0-3A84-81A7-7776E776CF84}
	EndProjectSection
EndProject
Project("{8BC9CEB8-8B4A-11D0-8D11-00A0C91BC942}") = "shapes_static", "shapes_static.vcxproj", "{1DA5FD8B-AA47-3C17-B494-395375FB46A4}"
	ProjectSection(ProjectDependencies) = postProject
		{34957BB7-8CA1-30EA-B3C0-D9921E5F9138} = {34957BB7-8CA1-30EA-B3C0-D9921E5F9138}
		{0752608F-AA2E-3E41-BBC3-3AF6F53FAA22} = {0752608F-AA2E-3E41-BBC3-3AF6F53FAA22}
	EndProjectSection
EndProject
Project("{8BC9CEB8-8B4A-11D0-8D11-00A0C91BC942}") = "smooth_opengl3", "smooth_opengl3.vcxproj", "{D3A630AD-8BC4-36B5-9594-AE01415C1FB8}"
	ProjectSection(ProjectDependencies) = postProject
		{34957BB7-8CA1-30EA-B3C0-D9921E5F9138} = {34957BB7-8CA1-30EA-B3C0-D9921E5F9138}
		{319E7AE5-53C0-3A84-81A7-7776E776CF84} = {319E7AE5-53C0-3A84-81A7-7776E776CF84}
	EndProjectSection
EndProject
Project("{8BC9CEB8-8B4A-11D0-8D11-00A0C91BC942}") = "smooth_opengl3_static", "smooth_opengl3_static.vcxproj", "{7EB0A1EB-1C5E-3C7C-98A8-906981ECE790}"
	ProjectSection(ProjectDependencies) = postProject
		{34957BB7-8CA1-30EA-B3C0-D9921E5F9138} = {34957BB7-8CA1-30EA-B3C0-D9921E5F9138}
		{0752608F-AA2E-3E41-BBC3-3AF6F53FAA22} = {0752608F-AA2E-3E41-BBC3-3AF6F53FAA22}
	EndProjectSection
EndProject
Project("{8BC9CEB8-8B4A-11D0-8D11-00A0C91BC942}") = "subwin", "subwin.vcxproj", "{1FB5E0C7-24EC-3B11-9EE4-D7A9CAFC4DFE}"
	ProjectSection(ProjectDependencies) = postProject
		{34957BB7-8CA1-30EA-B3C0-D9921E5F9138} = {34957BB7-8CA1-30EA-B3C0-D9921E5F9138}
		{319E7AE5-53C0-3A84-81A7-7776E776CF84} = {319E7AE5-53C0-3A84-81A7-7776E776CF84}
	EndProjectSection
EndProject
Project("{8BC9CEB8-8B4A-11D0-8D11-00A0C91BC942}") = "subwin_static", "subwin_static.vcxproj", "{8686C42C-0729-3A4B-B0B7-EE084EC07DBA}"
	ProjectSection(ProjectDependencies) = postProject
		{34957BB7-8CA1-30EA-B3C0-D9921E5F9138} = {34957BB7-8CA1-30EA-B3C0-D9921E5F9138}
		{0752608F-AA2E-3E41-BBC3-3AF6F53FAA22} = {0752608F-AA2E-3E41-BBC3-3AF6F53FAA22}
	EndProjectSection
EndProject
Project("{8BC9CEB8-8B4A-11D0-8D11-00A0C91BC942}") = "timer", "timer.vcxproj", "{3265EC34-A7A2-3865-BBD4-EA680783BA41}"
	ProjectSection(ProjectDependencies) = postProject
		{34957BB7-8CA1-30EA-B3C0-D9921E5F9138} = {34957BB7-8CA1-30EA-B3C0-D9921E5F9138}
		{319E7AE5-53C0-3A84-81A7-7776E776CF84} = {319E7AE5-53C0-3A84-81A7-7776E776CF84}
	EndProjectSection
EndProject
Project("{8BC9CEB8-8B4A-11D0-8D11-00A0C91BC942}") = "timer_callback", "timer_callback.vcxproj", "{90EA2A77-F40C-3627-895C-72E37DB9AEE6}"
	ProjectSection(ProjectDependencies) = postProject
		{34957BB7-8CA1-30EA-B3C0-D9921E5F9138} = {34957BB7-8CA1-30EA-B3C0-D9921E5F9138}
		{319E7AE5-53C0-3A84-81A7-7776E776CF84} = {319E7AE5-53C0-3A84-81A7-7776E776CF84}
	EndProjectSection
EndProject
Project("{8BC9CEB8-8B4A-11D0-8D11-00A0C91BC942}") = "timer_callback_static", "timer_callback_static.vcxproj", "{4ED07BF9-D550-3A62-B224-B2AAA52141BF}"
	ProjectSection(ProjectDependencies) = postProject
		{34957BB7-8CA1-30EA-B3C0-D9921E5F9138} = {34957BB7-8CA1-30EA-B3C0-D9921E5F9138}
		{0752608F-AA2E-3E41-BBC3-3AF6F53FAA22} = {0752608F-AA2E-3E41-BBC3-3AF6F53FAA22}
	EndProjectSection
EndProject
Project("{8BC9CEB8-8B4A-11D0-8D11-00A0C91BC942}") = "timer_static", "timer_static.vcxproj", "{95D3A473-3FC3-345D-B8AC-966BADB67181}"
	ProjectSection(ProjectDependencies) = postProject
		{34957BB7-8CA1-30EA-B3C0-D9921E5F9138} = {34957BB7-8CA1-30EA-B3C0-D9921E5F9138}
		{0752608F-AA2E-3E41-BBC3-3AF6F53FAA22} = {0752608F-AA2E-3E41-BBC3-3AF6F53FAA22}
	EndProjectSection
EndProject
Global
	GlobalSection(SolutionConfigurationPlatforms) = preSolution
		Debug|Win32 = Debug|Win32
		Release|Win32 = Release|Win32
		MinSizeRel|Win32 = MinSizeRel|Win32
		RelWithDebInfo|Win32 = RelWithDebInfo|Win32
	EndGlobalSection
	GlobalSection(ProjectConfigurationPlatforms) = postSolution
		{F49342C9-5BB2-39EE-B2FC-00C30450A8C3}.Debug|Win32.ActiveCfg = Debug|Win32
		{F49342C9-5BB2-39EE-B2FC-00C30450A8C3}.Debug|Win32.Build.0 = Debug|Win32
		{F49342C9-5BB2-39EE-B2FC-00C30450A8C3}.Release|Win32.ActiveCfg = Release|Win32
		{F49342C9-5BB2-39EE-B2FC-00C30450A8C3}.Release|Win32.Build.0 = Release|Win32
		{F49342C9-5BB2-39EE-B2FC-00C30450A8C3}.MinSizeRel|Win32.ActiveCfg = MinSizeRel|Win32
		{F49342C9-5BB2-39EE-B2FC-00C30450A8C3}.MinSizeRel|Win32.Build.0 = MinSizeRel|Win32
		{F49342C9-5BB2-39EE-B2FC-00C30450A8C3}.RelWithDebInfo|Win32.ActiveCfg = RelWithDebInfo|Win32
		{F49342C9-5BB2-39EE-B2FC-00C30450A8C3}.RelWithDebInfo|Win32.Build.0 = RelWithDebInfo|Win32
		{FCB116FA-6ED3-3202-8D38-41CA25732269}.Debug|Win32.ActiveCfg = Debug|Win32
		{FCB116FA-6ED3-3202-8D38-41CA25732269}.Debug|Win32.Build.0 = Debug|Win32
		{FCB116FA-6ED3-3202-8D38-41CA25732269}.Release|Win32.ActiveCfg = Release|Win32
		{FCB116FA-6ED3-3202-8D38-41CA25732269}.Release|Win32.Build.0 = Release|Win32
		{FCB116FA-6ED3-3202-8D38-41CA25732269}.MinSizeRel|Win32.ActiveCfg = MinSizeRel|Win32
		{FCB116FA-6ED3-3202-8D38-41CA25732269}.MinSizeRel|Win32.Build.0 = MinSizeRel|Win32
		{FCB116FA-6ED3-3202-8D38-41CA25732269}.RelWithDebInfo|Win32.ActiveCfg = RelWithDebInfo|Win32
		{FCB116FA-6ED3-3202-8D38-41CA25732269}.RelWithDebInfo|Win32.Build.0 = RelWithDebInfo|Win32
		{2764CD9C-D0EC-3737-AC4A-21918F6A1E3D}.Debug|Win32.ActiveCfg = Debug|Win32
		{2764CD9C-D0EC-3737-AC4A-21918F6A1E3D}.Debug|Win32.Build.0 = Debug|Win32
		{2764CD9C-D0EC-3737-AC4A-21918F6A1E3D}.Release|Win32.ActiveCfg = Release|Win32
		{2764CD9C-D0EC-3737-AC4A-21918F6A1E3D}.Release|Win32.Build.0 = Release|Win32
		{2764CD9C-D0EC-3737-AC4A-21918F6A1E3D}.MinSizeRel|Win32.ActiveCfg = MinSizeRel|Win32
		{2764CD9C-D0EC-3737-AC4A-21918F6A1E3D}.MinSizeRel|Win32.Build.0 = MinSizeRel|Win32
		{2764CD9C-D0EC-3737-AC4A-21918F6A1E3D}.RelWithDebInfo|Win32.ActiveCfg = RelWithDebInfo|Win32
		{2764CD9C-D0EC-3737-AC4A-21918F6A1E3D}.RelWithDebInfo|Win32.Build.0 = RelWithDebInfo|Win32
		{919E4E9F-E202-31AD-97AC-91FC22F05A74}.Debug|Win32.ActiveCfg = Debug|Win32
		{919E4E9F-E202-31AD-97AC-91FC22F05A74}.Debug|Win32.Build.0 = Debug|Win32
		{919E4E9F-E202-31AD-97AC-91FC22F05A74}.Release|Win32.ActiveCfg = Release|Win32
		{919E4E9F-E202-31AD-97AC-91FC22F05A74}.Release|Win32.Build.0 = Release|Win32
		{919E4E9F-E202-31AD-97AC-91FC22F05A74}.MinSizeRel|Win32.ActiveCfg = MinSizeRel|Win32
		{919E4E9F-E202-31AD-97AC-91FC22F05A74}.MinSizeRel|Win32.Build.0 = MinSizeRel|Win32
		{919E4E9F-E202-31AD-97AC-91FC22F05A74}.RelWithDebInfo|Win32.ActiveCfg = RelWithDebInfo|Win32
		{919E4E9F-E202-31AD-97AC-91FC22F05A74}.RelWithDebInfo|Win32.Build.0 = RelWithDebInfo|Win32
		{FD734C92-5C3F-3966-9819-7100291BBEA0}.Debug|Win32.ActiveCfg = Debug|Win32
		{FD734C92-5C3F-3966-9819-7100291BBEA0}.Debug|Win32.Build.0 = Debug|Win32
		{FD734C92-5C3F-3966-9819-7100291BBEA0}.Release|Win32.ActiveCfg = Release|Win32
		{FD734C92-5C3F-3966-9819-7100291BBEA0}.Release|Win32.Build.0 = Release|Win32
		{FD734C92-5C3F-3966-9819-7100291BBEA0}.MinSizeRel|Win32.ActiveCfg = MinSizeRel|Win32
		{FD734C92-5C3F-3966-9819-7100291BBEA0}.MinSizeRel|Win32.Build.0 = MinSizeRel|Win32
		{FD734C92-5C3F-3966-9819-7100291BBEA0}.RelWithDebInfo|Win32.ActiveCfg = RelWithDebInfo|Win32
		{FD734C92-5C3F-3966-9819-7100291BBEA0}.RelWithDebInfo|Win32.Build.0 = RelWithDebInfo|Win32
		{C3AD3F5F-53D7-3831-9AB2-B43CC07B482A}.Debug|Win32.ActiveCfg = Debug|Win32
		{C3AD3F5F-53D7-3831-9AB2-B43CC07B482A}.Debug|Win32.Build.0 = Debug|Win32
		{C3AD3F5F-53D7-3831-9AB2-B43CC07B482A}.Release|Win32.ActiveCfg = Release|Win32
		{C3AD3F5F-53D7-3831-9AB2-B43CC07B482A}.Release|Win32.Build.0 = Release|Win32
		{C3AD3F5F-53D7-3831-9AB2-B43CC07B482A}.MinSizeRel|Win32.ActiveCfg = MinSizeRel|Win32
		{C3AD3F5F-53D7-3831-9AB2-B43CC07B482A}.MinSizeRel|Win32.Build.0 = MinSizeRel|Win32
		{C3AD3F5F-53D7-3831-9AB2-B43CC07B482A}.RelWithDebInfo|Win32.ActiveCfg = RelWithDebInfo|Win32
		{C3AD3F5F-53D7-3831-9AB2-B43CC07B482A}.RelWithDebInfo|Win32.Build.0 = RelWithDebInfo|Win32
		{39C69FC8-D0BC-3E6C-9288-8083C47D332E}.Debug|Win32.ActiveCfg = Debug|Win32
		{39C69FC8-D0BC-3E6C-9288-8083C47D332E}.Debug|Win32.Build.0 = Debug|Win32
		{39C69FC8-D0BC-3E6C-9288-8083C47D332E}.Release|Win32.ActiveCfg = Release|Win32
		{39C69FC8-D0BC-3E6C-9288-8083C47D332E}.Release|Win32.Build.0 = Release|Win32
		{39C69FC8-D0BC-3E6C-9288-8083C47D332E}.MinSizeRel|Win32.ActiveCfg = MinSizeRel|Win32
		{39C69FC8-D0BC-3E6C-9288-8083C47D332E}.MinSizeRel|Win32.Build.0 = MinSizeRel|Win32
		{39C69FC8-D0BC-3E6C-9288-8083C47D332E}.RelWithDebInfo|Win32.ActiveCfg = RelWithDebInfo|Win32
		{39C69FC8-D0BC-3E6C-9288-8083C47D332E}.RelWithDebInfo|Win32.Build.0 = RelWithDebInfo|Win32
		{6014F8BE-FF1C-3A50-BCDE-304ACF42EFAF}.Debug|Win32.ActiveCfg = Debug|Win32
		{6014F8BE-FF1C-3A50-BCDE-304ACF42EFAF}.Release|Win32.ActiveCfg = Release|Win32
		{6014F8BE-FF1C-3A50-BCDE-304ACF42EFAF}.MinSizeRel|Win32.ActiveCfg = MinSizeRel|Win32
		{6014F8BE-FF1C-3A50-BCDE-304ACF42EFAF}.RelWithDebInfo|Win32.ActiveCfg = RelWithDebInfo|Win32
		{34952016-0B6A-3F75-BEB8-EC0AD61A3161}.Debug|Win32.ActiveCfg = Debug|Win32
		{34952016-0B6A-3F75-BEB8-EC0AD61A3161}.Debug|Win32.Build.0 = Debug|Win32
		{34952016-0B6A-3F75-BEB8-EC0AD61A3161}.Release|Win32.ActiveCfg = Release|Win32
		{34952016-0B6A-3F75-BEB8-EC0AD61A3161}.Release|Win32.Build.0 = Release|Win32
		{34952016-0B6A-3F75-BEB8-EC0AD61A3161}.MinSizeRel|Win32.ActiveCfg = MinSizeRel|Win32
		{34952016-0B6A-3F75-BEB8-EC0AD61A3161}.MinSizeRel|Win32.Build.0 = MinSizeRel|Win32
		{34952016-0B6A-3F75-BEB8-EC0AD61A3161}.RelWithDebInfo|Win32.ActiveCfg = RelWithDebInfo|Win32
		{34952016-0B6A-3F75-BEB8-EC0AD61A3161}.RelWithDebInfo|Win32.Build.0 = RelWithDebInfo|Win32
		{5BA67631-7A1D-37EA-8540-CAC55EE6D27E}.Debug|Win32.ActiveCfg = Debug|Win32
		{5BA67631-7A1D-37EA-8540-CAC55EE6D27E}.Debug|Win32.Build.0 = Debug|Win32
		{5BA67631-7A1D-37EA-8540-CAC55EE6D27E}.Release|Win32.ActiveCfg = Release|Win32
		{5BA67631-7A1D-37EA-8540-CAC55EE6D27E}.Release|Win32.Build.0 = Release|Win32
		{5BA67631-7A1D-37EA-8540-CAC55EE6D27E}.MinSizeRel|Win32.ActiveCfg = MinSizeRel|Win32
		{5BA67631-7A1D-37EA-8540-CAC55EE6D27E}.MinSizeRel|Win32.Build.0 = MinSizeRel|Win32
		{5BA67631-7A1D-37EA-8540-CAC55EE6D27E}.RelWithDebInfo|Win32.ActiveCfg = RelWithDebInfo|Win32
		{5BA67631-7A1D-37EA-8540-CAC55EE6D27E}.RelWithDebInfo|Win32.Build.0 = RelWithDebInfo|Win32
		{F7801529-38E3-34B4-BCE9-761B92BB6E5B}.Debug|Win32.ActiveCfg = Debug|Win32
		{F7801529-38E3-34B4-BCE9-761B92BB6E5B}.Debug|Win32.Build.0 = Debug|Win32
		{F7801529-38E3-34B4-BCE9-761B92BB6E5B}.Release|Win32.ActiveCfg = Release|Win32
		{F7801529-38E3-34B4-BCE9-761B92BB6E5B}.Release|Win32.Build.0 = Release|Win32
		{F7801529-38E3-34B4-BCE9-761B92BB6E5B}.MinSizeRel|Win32.ActiveCfg = MinSizeRel|Win32
		{F7801529-38E3-34B4-BCE9-761B92BB6E5B}.MinSizeRel|Win32.Build.0 = MinSizeRel|Win32
		{F7801529-38E3-34B4-BCE9-761B92BB6E5B}.RelWithDebInfo|Win32.ActiveCfg = RelWithDebInfo|Win32
		{F7801529-38E3-34B4-BCE9-761B92BB6E5B}.RelWithDebInfo|Win32.Build.0 = RelWithDebInfo|Win32
		{609E7100-8337-3230-860E-9F9616AE729F}.Debug|Win32.ActiveCfg = Debug|Win32
		{609E7100-8337-3230-860E-9F9616AE729F}.Debug|Win32.Build.0 = Debug|Win32
		{609E7100-8337-3230-860E-9F9616AE729F}.Release|Win32.ActiveCfg = Release|Win32
		{609E7100-8337-3230-860E-9F9616AE729F}.Release|Win32.Build.0 = Release|Win32
		{609E7100-8337-3230-860E-9F9616AE729F}.MinSizeRel|Win32.ActiveCfg = MinSizeRel|Win32
		{609E7100-8337-3230-860E-9F9616AE729F}.MinSizeRel|Win32.Build.0 = MinSizeRel|Win32
		{609E7100-8337-3230-860E-9F9616AE729F}.RelWithDebInfo|Win32.ActiveCfg = RelWithDebInfo|Win32
		{609E7100-8337-3230-860E-9F9616AE729F}.RelWithDebInfo|Win32.Build.0 = RelWithDebInfo|Win32
		{FF1EC25C-DDAE-3F0A-8CDD-98E2A545DDBB}.Debug|Win32.ActiveCfg = Debug|Win32
		{FF1EC25C-DDAE-3F0A-8CDD-98E2A545DDBB}.Debug|Win32.Build.0 = Debug|Win32
		{FF1EC25C-DDAE-3F0A-8CDD-98E2A545DDBB}.Release|Win32.ActiveCfg = Release|Win32
		{FF1EC25C-DDAE-3F0A-8CDD-98E2A545DDBB}.Release|Win32.Build.0 = Release|Win32
		{FF1EC25C-DDAE-3F0A-8CDD-98E2A545DDBB}.MinSizeRel|Win32.ActiveCfg = MinSizeRel|Win32
		{FF1EC25C-DDAE-3F0A-8CDD-98E2A545DDBB}.MinSizeRel|Win32.Build.0 = MinSizeRel|Win32
		{FF1EC25C-DDAE-3F0A-8CDD-98E2A545DDBB}.RelWithDebInfo|Win32.ActiveCfg = RelWithDebInfo|Win32
		{FF1EC25C-DDAE-3F0A-8CDD-98E2A545DDBB}.RelWithDebInfo|Win32.Build.0 = RelWithDebInfo|Win32
		{5DC1D365-0CCD-3B61-9C9E-939A5244050E}.Debug|Win32.ActiveCfg = Debug|Win32
		{5DC1D365-0CCD-3B61-9C9E-939A5244050E}.Debug|Win32.Build.0 = Debug|Win32
		{5DC1D365-0CCD-3B61-9C9E-939A5244050E}.Release|Win32.ActiveCfg = Release|Win32
		{5DC1D365-0CCD-3B61-9C9E-939A5244050E}.Release|Win32.Build.0 = Release|Win32
		{5DC1D365-0CCD-3B61-9C9E-939A5244050E}.MinSizeRel|Win32.ActiveCfg = MinSizeRel|Win32
		{5DC1D365-0CCD-3B61-9C9E-939A5244050E}.MinSizeRel|Win32.Build.0 = MinSizeRel|Win32
		{5DC1D365-0CCD-3B61-9C9E-939A5244050E}.RelWithDebInfo|Win32.ActiveCfg = RelWithDebInfo|Win32
		{5DC1D365-0CCD-3B61-9C9E-939A5244050E}.RelWithDebInfo|Win32.Build.0 = RelWithDebInfo|Win32
		{34957BB7-8CA1-30EA-B3C0-D9921E5F9138}.Debug|Win32.ActiveCfg = Debug|Win32
		{34957BB7-8CA1-30EA-B3C0-D9921E5F9138}.Debug|Win32.Build.0 = Debug|Win32
		{34957BB7-8CA1-30EA-B3C0-D9921E5F9138}.Release|Win32.ActiveCfg = Release|Win32
		{34957BB7-8CA1-30EA-B3C0-D9921E5F9138}.Release|Win32.Build.0 = Release|Win32
		{34957BB7-8CA1-30EA-B3C0-D9921E5F9138}.MinSizeRel|Win32.ActiveCfg = MinSizeRel|Win32
		{34957BB7-8CA1-30EA-B3C0-D9921E5F9138}.MinSizeRel|Win32.Build.0 = MinSizeRel|Win32
		{34957BB7-8CA1-30EA-B3C0-D9921E5F9138}.RelWithDebInfo|Win32.ActiveCfg = RelWithDebInfo|Win32
		{34957BB7-8CA1-30EA-B3C0-D9921E5F9138}.RelWithDebInfo|Win32.Build.0 = RelWithDebInfo|Win32
		{319E7AE5-53C0-3A84-81A7-7776E776CF84}.Debug|Win32.ActiveCfg = Debug|Win32
		{319E7AE5-53C0-3A84-81A7-7776E776CF84}.Debug|Win32.Build.0 = Debug|Win32
		{319E7AE5-53C0-3A84-81A7-7776E776CF84}.Release|Win32.ActiveCfg = Release|Win32
		{319E7AE5-53C0-3A84-81A7-7776E776CF84}.Release|Win32.Build.0 = Release|Win32
		{319E7AE5-53C0-3A84-81A7-7776E776CF84}.MinSizeRel|Win32.ActiveCfg = MinSizeRel|Win32
		{319E7AE5-53C0-3A84-81A7-7776E776CF84}.MinSizeRel|Win32.Build.0 = MinSizeRel|Win32
		{319E7AE5-53C0-3A84-81A7-7776E776CF84}.RelWithDebInfo|Win32.ActiveCfg = RelWithDebInfo|Win32
		{319E7AE5-53C0-3A84-81A7-7776E776CF84}.RelWithDebInfo|Win32.Build.0 = RelWithDebInfo|Win32
		{0752608F-AA2E-3E41-BBC3-3AF6F53FAA22}.Debug|Win32.ActiveCfg = Debug|Win32
		{0752608F-AA2E-3E41-BBC3-3AF6F53FAA22}.Debug|Win32.Build.0 = Debug|Win32
		{0752608F-AA2E-3E41-BBC3-3AF6F53FAA22}.Release|Win32.ActiveCfg = Release|Win32
		{0752608F-AA2E-3E41-BBC3-3AF6F53FAA22}.Release|Win32.Build.0 = Release|Win32
		{0752608F-AA2E-3E41-BBC3-3AF6F53FAA22}.MinSizeRel|Win32.ActiveCfg = MinSizeRel|Win32
		{0752608F-AA2E-3E41-BBC3-3AF6F53FAA22}.MinSizeRel|Win32.Build.0 = MinSizeRel|Win32
		{0752608F-AA2E-3E41-BBC3-3AF6F53FAA22}.RelWithDebInfo|Win32.ActiveCfg = RelWithDebInfo|Win32
		{0752608F-AA2E-3E41-BBC3-3AF6F53FAA22}.RelWithDebInfo|Win32.Build.0 = RelWithDebInfo|Win32
		{DBBE3319-F8E7-3715-86CC-7F12C87EC077}.Debug|Win32.ActiveCfg = Debug|Win32
		{DBBE3319-F8E7-3715-86CC-7F12C87EC077}.Debug|Win32.Build.0 = Debug|Win32
		{DBBE3319-F8E7-3715-86CC-7F12C87EC077}.Release|Win32.ActiveCfg = Release|Win32
		{DBBE3319-F8E7-3715-86CC-7F12C87EC077}.Release|Win32.Build.0 = Release|Win32
		{DBBE3319-F8E7-3715-86CC-7F12C87EC077}.MinSizeRel|Win32.ActiveCfg = MinSizeRel|Win32
		{DBBE3319-F8E7-3715-86CC-7F12C87EC077}.MinSizeRel|Win32.Build.0 = MinSizeRel|Win32
		{DBBE3319-F8E7-3715-86CC-7F12C87EC077}.RelWithDebInfo|Win32.ActiveCfg = RelWithDebInfo|Win32
		{DBBE3319-F8E7-3715-86CC-7F12C87EC077}.RelWithDebInfo|Win32.Build.0 = RelWithDebInfo|Win32
		{1D23F16E-828B-31DC-A01F-3C9332EBCE9D}.Debug|Win32.ActiveCfg = Debug|Win32
		{1D23F16E-828B-31DC-A01F-3C9332EBCE9D}.Debug|Win32.Build.0 = Debug|Win32
		{1D23F16E-828B-31DC-A01F-3C9332EBCE9D}.Release|Win32.ActiveCfg = Release|Win32
		{1D23F16E-828B-31DC-A01F-3C9332EBCE9D}.Release|Win32.Build.0 = Release|Win32
		{1D23F16E-828B-31DC-A01F-3C9332EBCE9D}.MinSizeRel|Win32.ActiveCfg = MinSizeRel|Win32
		{1D23F16E-828B-31DC-A01F-3C9332EBCE9D}.MinSizeRel|Win32.Build.0 = MinSizeRel|Win32
		{1D23F16E-828B-31DC-A01F-3C9332EBCE9D}.RelWithDebInfo|Win32.ActiveCfg = RelWithDebInfo|Win32
		{1D23F16E-828B-31DC-A01F-3C9332EBCE9D}.RelWithDebInfo|Win32.Build.0 = RelWithDebInfo|Win32
		{9047046C-314E-318B-836A-88880EF60C97}.Debug|Win32.ActiveCfg = Debug|Win32
		{9047046C-314E-318B-836A-88880EF60C97}.Debug|Win32.Build.0 = Debug|Win32
		{9047046C-314E-318B-836A-88880EF60C97}.Release|Win32.ActiveCfg = Release|Win32
		{9047046C-314E-318B-836A-88880EF60C97}.Release|Win32.Build.0 = Release|Win32
		{9047046C-314E-318B-836A-88880EF60C97}.MinSizeRel|Win32.ActiveCfg = MinSizeRel|Win32
		{9047046C-314E-318B-836A-88880EF60C97}.MinSizeRel|Win32.Build.0 = MinSizeRel|Win32
		{9047046C-314E-318B-836A-88880EF60C97}.RelWithDebInfo|Win32.ActiveCfg = RelWithDebInfo|Win32
		{9047046C-314E-318B-836A-88880EF60C97}.RelWithDebInfo|Win32.Build.0 = RelWithDebInfo|Win32
		{1DA5FD8B-AA47-3C17-B494-395375FB46A4}.Debug|Win32.ActiveCfg = Debug|Win32
		{1DA5FD8B-AA47-3C17-B494-395375FB46A4}.Debug|Win32.Build.0 = Debug|Win32
		{1DA5FD8B-AA47-3C17-B494-395375FB46A4}.Release|Win32.ActiveCfg = Release|Win32
		{1DA5FD8B-AA47-3C17-B494-395375FB46A4}.Release|Win32.Build.0 = Release|Win32
		{1DA5FD8B-AA47-3C17-B494-395375FB46A4}.MinSizeRel|Win32.ActiveCfg = MinSizeRel|Win32
		{1DA5FD8B-AA47-3C17-B494-395375FB46A4}.MinSizeRel|Win32.Build.0 = MinSizeRel|Win32
		{1DA5FD8B-AA47-3C17-B494-395375FB46A4}.RelWithDebInfo|Win32.ActiveCfg = RelWithDebInfo|Win32
		{1DA5FD8B-AA47-3C17-B494-395375FB46A4}.RelWithDebInfo|Win32.Build.0 = RelWithDebInfo|Win32
		{D3A630AD-8BC4-36B5-9594-AE01415C1FB8}.Debug|Win32.ActiveCfg = Debug|Win32
		{D3A630AD-8BC4-36B5-9594-AE01415C1FB8}.Debug|Win32.Build.0 = Debug|Win32
		{D3A630AD-8BC4-36B5-9594-AE01415C1FB8}.Release|Win32.ActiveCfg = Release|Win32
		{D3A630AD-8BC4-36B5-9594-AE01415C1FB8}.Release|Win32.Build.0 = Release|Win32
		{D3A630AD-8BC4-36B5-9594-AE01415C1FB8}.MinSizeRel|Win32.ActiveCfg = MinSizeRel|Win32
		{D3A630AD-8BC4-36B5-9594-AE01415C1FB8}.MinSizeRel|Win32.Build.0 = MinSizeRel|Win32
		{D3A630AD-8BC4-36B5-9594-AE01415C1FB8}.RelWithDebInfo|Win32.ActiveCfg = RelWithDebInfo|Win32
		{D3A630AD-8BC4-36B5-9594-AE01415C1FB8}.RelWithDebInfo|Win32.Build.0 = RelWithDebInfo|Win32
		{7EB0A1EB-1C5E-3C7C-98A8-906981ECE790}.Debug|Win32.ActiveCfg = Debug|Win32
		{7EB0A1EB-1C5E-3C7C-98A8-906981ECE790}.Debug|Win32.Build.0 = Debug|Win32
		{7EB0A1EB-1C5E-3C7C-98A8-906981ECE790}.Release|Win32.ActiveCfg = Release|Win32
		{7EB0A1EB-1C5E-3C7C-98A8-906981ECE790}.Release|Win32.Build.0 = Release|Win32
		{7EB0A1EB-1C5E-3C7C-98A8-906981ECE790}.MinSizeRel|Win32.ActiveCfg = MinSizeRel|Win32
		{7EB0A1EB-1C5E-3C7C-98A8-906981ECE790}.MinSizeRel|Win32.Build.0 = MinSizeRel|Win32
		{7EB0A1EB-1C5E-3C7C-98A8-906981ECE790}.RelWithDebInfo|Win32.ActiveCfg = RelWithDebInfo|Win32
		{7EB0A1EB-1C5E-3C7C-98A8-906981ECE790}.RelWithDebInfo|Win32.Build.0 = RelWithDebInfo|Win32
		{1FB5E0C7-24EC-3B11-9EE4-D7A9CAFC4DFE}.Debug|Win32.ActiveCfg = Debug|Win32
		{1FB5E0C7-24EC-3B11-9EE4-D7A9CAFC4DFE}.Debug|Win32.Build.0 = Debug|Win32
		{1FB5E0C7-24EC-3B11-9EE4-D7A9CAFC4DFE}.Release|Win32.ActiveCfg = Release|Win32
		{1FB5E0C7-24EC-3B11-9EE4-D7A9CAFC4DFE}.Release|Win32.Build.0 = Release|Win32
		{1FB5E0C7-24EC-3B11-9EE4-D7A9CAFC4DFE}.MinSizeRel|Win32.ActiveCfg = MinSizeRel|Win32
		{1FB5E0C7-24EC-3B11-9EE4-D7A9CAFC4DFE}.MinSizeRel|Win32.Build.0 = MinSizeRel|Win32
		{1FB5E0C7-24EC-3B11-9EE4-D7A9CAFC4DFE}.RelWithDebInfo|Win32.ActiveCfg = RelWithDebInfo|Win32
		{1FB5E0C7-24EC-3B11-9EE4-D7A9CAFC4DFE}.RelWithDebInfo|Win32.Build.0 = RelWithDebInfo|Win32
		{8686C42C-0729-3A4B-B0B7-EE084EC07DBA}.Debug|Win32.ActiveCfg = Debug|Win32
		{8686C42C-0729-3A4B-B0B7-EE084EC07DBA}.Debug|Win32.Build.0 = Debug|Win32
		{8686C42C-0729-3A4B-B0B7-EE084EC07DBA}.Release|Win32.ActiveCfg = Release|Win32
		{8686C42C-0729-3A4B-B0B7-EE084EC07DBA}.Release|Win32.Build.0 = Release|Win32
		{8686C42C-0729-3A4B-B0B7-EE084EC07DBA}.MinSizeRel|Win32.ActiveCfg = MinSizeRel|Win32
		{8686C42C-0729-3A4B-B0B7-EE084EC07DBA}.MinSizeRel|Win32.Build.0 = MinSizeRel|Win32
		{8686C42C-0729-3A4B-B0B7-EE084EC07DBA}.RelWithDebInfo|Win32.ActiveCfg = RelWithDebInfo|Win32
		{8686C42C-0729-3A4B-B0B7-EE084EC07DBA}.RelWithDebInfo|Win32.Build.0 = RelWithDebInfo|Win32
		{3265EC34-A7A2-3865-BBD4-EA680783BA41}.Debug|Win32.ActiveCfg = Debug|Win32
		{3265EC34-A7A2-3865-BBD4-EA680783BA41}.Debug|Win32.Build.0 = Debug|Win32
		{3265EC34-A7A2-3865-BBD4-EA680783BA41}.Release|Win32.ActiveCfg = Release|Win32
		{3265EC34-A7A2-3865-BBD4-EA680783BA41}.Release|Win32.Build.0 = Release|Win32
		{3265EC34-A7A2-3865-BBD4-EA680783BA41}.MinSizeRel|Win32.ActiveCfg = MinSizeRel|Win32
		{3265EC34-A7A2-3865-BBD4-EA680783BA41}.MinSizeRel|Win32.Build.0 = MinSizeRel|Win32
		{3265EC34-A7A2-3865-BBD4-EA680783BA41}.RelWithDebInfo|Win32.ActiveCfg = RelWithDebInfo|Win32
		{3265EC34-A7A2-3865-BBD4-EA680783BA41}.RelWithDebInfo|Win32.Build.0 = RelWithDebInfo|Win32
		{90EA2A77-F40C-3627-895C-72E37DB9AEE6}.Debug|Win32.ActiveCfg = Debug|Win32
		{90EA2A77-F40C-3627-895C-72E37DB9AEE6}.Debug|Win32.Build.0 = Debug|Win32
		{90EA2A77-F40C-3627-895C-72E37DB9AEE6}.Release|Win32.ActiveCfg = Release|Win32
		{90EA2A77-F40C-3627-895C-72E37DB9AEE6}.Release|Win32.Build.0 = Release|Win32
		{90EA2A77-F40C-3627-895C-72E37DB9AEE6}.MinSizeRel|Win32.ActiveCfg = MinSizeRel|Win32
		{90EA2A77-F40C-3627-895C-72E37DB9AEE6}.MinSizeRel|Win32.Build.0 = MinSizeRel|Win32
		{90EA2A77-F40C-3627-895C-72E37DB9AEE6}.RelWithDebInfo|Win32.ActiveCfg = RelWithDebInfo|Win32
		{90EA2A77-F40C-3627-895C-72E37DB9AEE6}.RelWithDebInfo|Win32.Build.0 = RelWithDebInfo|Win32
		{4ED07BF9-D550-3A62-B224-B2AAA52141BF}.Debug|Win32.ActiveCfg = Debug|Win32
		{4ED07BF9-D550-3A62-B224-B2AAA52141BF}.Debug|Win32.Build.0 = Debug|Win32
		{4ED07BF9-D550-3A62-B224-B2AAA52141BF}.Release|Win32.ActiveCfg = Release|Win32
		{4ED07BF9-D550-3A62-B224-B2AAA52141BF}.Release|Win32.Build.0 = Release|Win32
		{4ED07BF9-D550-3A62-B224-B2AAA52141BF}.MinSizeRel|Win32.ActiveCfg = MinSizeRel|Win32
		{4ED07BF9-D550-3A62-B224-B2AAA52141BF}.MinSizeRel|Win32.Build.0 = MinSizeRel|Win32
		{4ED07BF9-D550-3A62-B224-B2AAA52141BF}.RelWithDebInfo|Win32.ActiveCfg = RelWithDebInfo|Win32
		{4ED07BF9-D550-3A62-B224-B2AAA52141BF}.RelWithDebInfo|Win32.Build.0 = RelWithDebInfo|Win32
		{95D3A473-3FC3-345D-B8AC-966BADB67181}.Debug|Win32.ActiveCfg = Debug|Win32
		{95D3A473-3FC3-345D-B8AC-966BADB67181}.Debug|Win32.Build.0 = Debug|Win32
		{95D3A473-3FC3-345D-B8AC-966BADB67181}.Release|Win32.ActiveCfg = Release|Win32
		{95D3A473-3FC3-345D-B8AC-966BADB67181}.Release|Win32.Build.0 = Release|Win32
		{95D3A473-3FC3-345D-B8AC-966BADB67181}.MinSizeRel|Win32.ActiveCfg = MinSizeRel|Win32
		{95D3A473-3FC3-345D-B8AC-966BADB67181}.MinSizeRel|Win32.Build.0 = MinSizeRel|Win32
		{95D3A473-3FC3-345D-B8AC-966BADB67181}.RelWithDebInfo|Win32.ActiveCfg = RelWithDebInfo|Win32
		{95D3A473-3FC3-345D-B8AC-966BADB67181}.RelWithDebInfo|Win32.Build.0 = RelWithDebInfo|Win32
	EndGlobalSection
	GlobalSection(ExtensibilityGlobals) = postSolution
		SolutionGuid = {54C7DE6C-6555-3EF7-9986-A501A6E07E57}
	EndGlobalSection
	GlobalSection(ExtensibilityAddIns) = postSolution
	EndGlobalSection
EndGlobal
