<?xml version="1.0" encoding="utf-8"?>
<Project ToolsVersion="15.0" xmlns="http://schemas.microsoft.com/developer/msbuild/2003">
  <ItemGroup>
    <CustomBuild Include="E:\shaodd\thirdbinary\OpenGl\CMakeFiles\7951aca6855a1f49464fbab39dae7486\INSTALL_force.rule">
      <Filter>CMake Rules</Filter>
    </CustomBuild>
  </ItemGroup>
  <ItemGroup>
    <Filter Include="CMake Rules">
      <UniqueIdentifier>{58454D78-10D7-3A49-AD1E-9032881EE52B}</UniqueIdentifier>
    </Filter>
  </ItemGroup>
</Project>
